
Microsoft Visual Studio Solution File, Format Version 12.00
# Visual Studio Version 17
VisualStudioVersion = 17.5.33414.496
MinimumVisualStudioVersion = 10.0.40219.1
Project("{9A19103F-16F7-4668-BE54-9A1E7A4F7556}") = "FizzBuzz", "FizzBuzz.csproj", "{09BB34A5-83F5-43C3-BE19-A85A97AC8592}"
EndProject
Project("{FAE04EC0-301F-11D3-BF4B-00C04F79EFBC}") = "TestFizzBuzz", "..\TestFizzBuzz\TestFizzBuzz.csproj", "{6122CA60-CB34-48A1-96CB-4A4FBA40E23E}"
EndProject
Project("{FAE04EC0-301F-11D3-BF4B-00C04F79EFBC}") = "TestTennis", "..\TestTennis\TestTennis.csproj", "{3B942381-1C1A-43D5-A915-E4EE1421476C}"
EndProject
Project("{FAE04EC0-301F-11D3-BF4B-00C04F79EFBC}") = "Tennis", "..\Tennis\Tennis.csproj", "{57240C6F-DACC-413A-AD9A-2571B512B48D}"
EndProject
Project("{FAE04EC0-301F-11D3-BF4B-00C04F79EFBC}") = "Taxes", "..\Taxes\Taxes.csproj", "{522278FA-2311-437D-9BC1-58D1B5D3DA52}"
EndProject
Project("{FAE04EC0-301F-11D3-BF4B-00C04F79EFBC}") = "TestTaxes", "..\TestTaxes\TestTaxes.csproj", "{A67A0272-C28D-44DD-AD36-6F79D3DE0DEB}"
EndProject
Global
	GlobalSection(SolutionConfigurationPlatforms) = preSolution
		Debug|Any CPU = Debug|Any CPU
		Release|Any CPU = Release|Any CPU
	EndGlobalSection
	GlobalSection(ProjectConfigurationPlatforms) = postSolution
		{09BB34A5-83F5-43C3-BE19-A85A97AC8592}.Debug|Any CPU.ActiveCfg = Debug|Any CPU
		{09BB34A5-83F5-43C3-BE19-A85A97AC8592}.Debug|Any CPU.Build.0 = Debug|Any CPU
		{09BB34A5-83F5-43C3-BE19-A85A97AC8592}.Release|Any CPU.ActiveCfg = Release|Any CPU
		{09BB34A5-83F5-43C3-BE19-A85A97AC8592}.Release|Any CPU.Build.0 = Release|Any CPU
		{6122CA60-CB34-48A1-96CB-4A4FBA40E23E}.Debug|Any CPU.ActiveCfg = Debug|Any CPU
		{6122CA60-CB34-48A1-96CB-4A4FBA40E23E}.Debug|Any CPU.Build.0 = Debug|Any CPU
		{6122CA60-CB34-48A1-96CB-4A4FBA40E23E}.Release|Any CPU.ActiveCfg = Release|Any CPU
		{6122CA60-CB34-48A1-96CB-4A4FBA40E23E}.Release|Any CPU.Build.0 = Release|Any CPU
		{3B942381-1C1A-43D5-A915-E4EE1421476C}.Debug|Any CPU.ActiveCfg = Debug|Any CPU
		{3B942381-1C1A-43D5-A915-E4EE1421476C}.Debug|Any CPU.Build.0 = Debug|Any CPU
		{3B942381-1C1A-43D5-A915-E4EE1421476C}.Release|Any CPU.ActiveCfg = Release|Any CPU
		{3B942381-1C1A-43D5-A915-E4EE1421476C}.Release|Any CPU.Build.0 = Release|Any CPU
		{57240C6F-DACC-413A-AD9A-2571B512B48D}.Debug|Any CPU.ActiveCfg = Debug|Any CPU
		{57240C6F-DACC-413A-AD9A-2571B512B48D}.Debug|Any CPU.Build.0 = Debug|Any CPU
		{57240C6F-DACC-413A-AD9A-2571B512B48D}.Release|Any CPU.ActiveCfg = Release|Any CPU
		{57240C6F-DACC-413A-AD9A-2571B512B48D}.Release|Any CPU.Build.0 = Release|Any CPU
		{522278FA-2311-437D-9BC1-58D1B5D3DA52}.Debug|Any CPU.ActiveCfg = Debug|Any CPU
		{522278FA-2311-437D-9BC1-58D1B5D3DA52}.Debug|Any CPU.Build.0 = Debug|Any CPU
		{522278FA-2311-437D-9BC1-58D1B5D3DA52}.Release|Any CPU.ActiveCfg = Release|Any CPU
		{522278FA-2311-437D-9BC1-58D1B5D3DA52}.Release|Any CPU.Build.0 = Release|Any CPU
		{A67A0272-C28D-44DD-AD36-6F79D3DE0DEB}.Debug|Any CPU.ActiveCfg = Debug|Any CPU
		{A67A0272-C28D-44DD-AD36-6F79D3DE0DEB}.Debug|Any CPU.Build.0 = Debug|Any CPU
		{A67A0272-C28D-44DD-AD36-6F79D3DE0DEB}.Release|Any CPU.ActiveCfg = Release|Any CPU
		{A67A0272-C28D-44DD-AD36-6F79D3DE0DEB}.Release|Any CPU.Build.0 = Release|Any CPU
	EndGlobalSection
	GlobalSection(SolutionProperties) = preSolution
		HideSolutionNode = FALSE
	EndGlobalSection
	GlobalSection(ExtensibilityGlobals) = postSolution
		SolutionGuid = {879B1AAF-4A0D-4B14-A6ED-B9A43FCE3820}
	EndGlobalSection
EndGlobal
